// !$*UTF8*$!
{
	archiveVersion = 1;
	classes = {
	};
	objectVersion = 56;
	objects = {

/* Begin PBXBuildFile section */
		003D57852C07123F00D9AAE4 /* LJ_BorrowApp.swift in Sources */ = {isa = PBXBuildFile; fileRef = 003D57842C07123F00D9AAE4 /* LJ_BorrowApp.swift */; };
		003D57872C07123F00D9AAE4 /* ContentView.swift in Sources */ = {isa = PBXBuildFile; fileRef = 003D57862C07123F00D9AAE4 /* ContentView.swift */; };
		003D57892C07124100D9AAE4 /* Assets.xcassets in Resources */ = {isa = PBXBuildFile; fileRef = 003D57882C07124100D9AAE4 /* Assets.xcassets */; };
		003D578D2C07124100D9AAE4 /* Preview Assets.xcassets in Resources */ = {isa = PBXBuildFile; fileRef = 003D578C2C07124100D9AAE4 /* Preview Assets.xcassets */; };
		003D57972C07124200D9AAE4 /* LJ_BorrowTests.swift in Sources */ = {isa = PBXBuildFile; fileRef = 003D57962C07124200D9AAE4 /* LJ_BorrowTests.swift */; };
		003D57A12C07124200D9AAE4 /* LJ_BorrowUITests.swift in Sources */ = {isa = PBXBuildFile; fileRef = 003D57A02C07124200D9AAE4 /* LJ_BorrowUITests.swift */; };
		003D57A32C07124200D9AAE4 /* LJ_BorrowUITestsLaunchTests.swift in Sources */ = {isa = PBXBuildFile; fileRef = 003D57A22C07124200D9AAE4 /* LJ_BorrowUITestsLaunchTests.swift */; };
/* End PBXBuildFile section */

/* Begin PBXContainerItemProxy section */
		003D57932C07124200D9AAE4 /* PBXContainerItemProxy */ = {
			isa = PBXContainerItemProxy;
			containerPortal = 003D57792C07123F00D9AAE4 /* Project object */;
			proxyType = 1;
			remoteGlobalIDString = 003D57802C07123F00D9AAE4;
			remoteInfo = "LJ Borrow";
		};
		003D579D2C07124200D9AAE4 /* PBXContainerItemProxy */ = {
			isa = PBXContainerItemProxy;
			containerPortal = 003D57792C07123F00D9AAE4 /* Project object */;
			proxyType = 1;
			remoteGlobalIDString = 003D57802C07123F00D9AAE4;
			remoteInfo = "LJ Borrow";
		};
/* End PBXContainerItemProxy section */

/* Begin PBXFileReference section */
		003D57812C07123F00D9AAE4 /* LJ Borrow.app */ = {isa = PBXFileReference; explicitFileType = wrapper.application; includeInIndex = 0; path = "LJ Borrow.app"; sourceTree = BUILT_PRODUCTS_DIR; };
		003D57842C07123F00D9AAE4 /* LJ_BorrowApp.swift */ = {isa = PBXFileReference; lastKnownFileType = sourcecode.swift; path = LJ_BorrowApp.swift; sourceTree = "<group>"; };
		003D57862C07123F00D9AAE4 /* ContentView.swift */ = {isa = PBXFileReference; lastKnownFileType = sourcecode.swift; path = ContentView.swift; sourceTree = "<group>"; };
		003D57882C07124100D9AAE4 /* Assets.xcassets */ = {isa = PBXFileReference; lastKnownFileType = folder.assetcatalog; path = Assets.xcassets; sourceTree = "<group>"; };
		003D578A2C07124100D9AAE4 /* LJ_Borrow.entitlements */ = {isa = PBXFileReference; lastKnownFileType = text.plist.entitlements; path = LJ_Borrow.entitlements; sourceTree = "<group>"; };
		003D578C2C07124100D9AAE4 /* Preview Assets.xcassets */ = {isa = PBXFileReference; lastKnownFileType = folder.assetcatalog; path = "Preview Assets.xcassets"; sourceTree = "<group>"; };
		003D57922C07124200D9AAE4 /* LJ BorrowTests.xctest */ = {isa = PBXFileReference; explicitFileType = wrapper.cfbundle; includeInIndex = 0; path = "LJ BorrowTests.xctest"; sourceTree = BUILT_PRODUCTS_DIR; };
		003D57962C07124200D9AAE4 /* LJ_BorrowTests.swift */ = {isa = PBXFileReference; lastKnownFileType = sourcecode.swift; path = LJ_BorrowTests.swift; sourceTree = "<group>"; };
		003D579C2C07124200D9AAE4 /* LJ BorrowUITests.xctest */ = {isa = PBXFileReference; explicitFileType = wrapper.cfbundle; includeInIndex = 0; path = "LJ BorrowUITests.xctest"; sourceTree = BUILT_PRODUCTS_DIR; };
		003D57A02C07124200D9AAE4 /* LJ_BorrowUITests.swift */ = {isa = PBXFileReference; lastKnownFileType = sourcecode.swift; path = LJ_BorrowUITests.swift; sourceTree = "<group>"; };
		003D57A22C07124200D9AAE4 /* LJ_BorrowUITestsLaunchTests.swift */ = {isa = PBXFileReference; lastKnownFileType = sourcecode.swift; path = LJ_BorrowUITestsLaunchTests.swift; sourceTree = "<group>"; };
/* End PBXFileReference section */

/* Begin PBXFrameworksBuildPhase section */
		003D577E2C07123F00D9AAE4 /* Frameworks */ = {
			isa = PBXFrameworksBuildPhase;
			buildActionMask = 2147483647;
			files = (
			);
			runOnlyForDeploymentPostprocessing = 0;
		};
		003D578F2C07124200D9AAE4 /* Frameworks */ = {
			isa = PBXFrameworksBuildPhase;
			buildActionMask = 2147483647;
			files = (
			);
			runOnlyForDeploymentPostprocessing = 0;
		};
		003D57992C07124200D9AAE4 /* Frameworks */ = {
			isa = PBXFrameworksBuildPhase;
			buildActionMask = 2147483647;
			files = (
			);
			runOnlyForDeploymentPostprocessing = 0;
		};
/* End PBXFrameworksBuildPhase section */

/* Begin PBXGroup section */
		003D57782C07123F00D9AAE4 = {
			isa = PBXGroup;
			children = (
				003D57832C07123F00D9AAE4 /* LJ Borrow */,
				003D57952C07124200D9AAE4 /* LJ BorrowTests */,
				003D579F2C07124200D9AAE4 /* LJ BorrowUITests */,
				003D57822C07123F00D9AAE4 /* Products */,
			);
			sourceTree = "<group>";
		};
		003D57822C07123F00D9AAE4 /* Products */ = {
			isa = PBXGroup;
			children = (
				003D57812C07123F00D9AAE4 /* LJ Borrow.app */,
				003D57922C07124200D9AAE4 /* LJ BorrowTests.xctest */,
				003D579C2C07124200D9AAE4 /* LJ BorrowUITests.xctest */,
			);
			name = Products;
			sourceTree = "<group>";
		};
		003D57832C07123F00D9AAE4 /* LJ Borrow */ = {
			isa = PBXGroup;
			children = (
				003D57842C07123F00D9AAE4 /* LJ_BorrowApp.swift */,
				003D57862C07123F00D9AAE4 /* ContentView.swift */,
				003D57882C07124100D9AAE4 /* Assets.xcassets */,
				003D578A2C07124100D9AAE4 /* LJ_Borrow.entitlements */,
				003D578B2C07124100D9AAE4 /* Preview Content */,
			);
			path = "LJ Borrow";
			sourceTree = "<group>";
		};
		003D578B2C07124100D9AAE4 /* Preview Content */ = {
			isa = PBXGroup;
			children = (
				003D578C2C07124100D9AAE4 /* Preview Assets.xcassets */,
			);
			path = "Preview Content";
			sourceTree = "<group>";
		};
		003D57952C07124200D9AAE4 /* LJ BorrowTests */ = {
			isa = PBXGroup;
			children = (
				003D57962C07124200D9AAE4 /* LJ_BorrowTests.swift */,
			);
			path = "LJ BorrowTests";
			sourceTree = "<group>";
		};
		003D579F2C07124200D9AAE4 /* LJ BorrowUITests */ = {
			isa = PBXGroup;
			children = (
				003D57A02C07124200D9AAE4 /* LJ_BorrowUITests.swift */,
				003D57A22C07124200D9AAE4 /* LJ_BorrowUITestsLaunchTests.swift */,
			);
			path = "LJ BorrowUITests";
			sourceTree = "<group>";
		};
/* End PBXGroup section */

/* Begin PBXNativeTarget section */
		003D57802C07123F00D9AAE4 /* LJ Borrow */ = {
			isa = PBXNativeTarget;
			buildConfigurationList = 003D57A62C07124200D9AAE4 /* Build configuration list for PBXNativeTarget "LJ Borrow" */;
			buildPhases = (
				003D577D2C07123F00D9AAE4 /* Sources */,
				003D577E2C07123F00D9AAE4 /* Frameworks */,
				003D577F2C07123F00D9AAE4 /* Resources */,
			);
			buildRules = (
			);
			dependencies = (
			);
			name = "LJ Borrow";
			productName = "LJ Borrow";
			productReference = 003D57812C07123F00D9AAE4 /* LJ Borrow.app */;
			productType = "com.apple.product-type.application";
		};
		003D57912C07124200D9AAE4 /* LJ BorrowTests */ = {
			isa = PBXNativeTarget;
			buildConfigurationList = 003D57A92C07124200D9AAE4 /* Build configuration list for PBXNativeTarget "LJ BorrowTests" */;
			buildPhases = (
				003D578E2C07124200D9AAE4 /* Sources */,
				003D578F2C07124200D9AAE4 /* Frameworks */,
				003D57902C07124200D9AAE4 /* Resources */,
			);
			buildRules = (
			);
			dependencies = (
				003D57942C07124200D9AAE4 /* PBXTargetDependency */,
			);
			name = "LJ BorrowTests";
			productName = "LJ BorrowTests";
			productReference = 003D57922C07124200D9AAE4 /* LJ BorrowTests.xctest */;
			productType = "com.apple.product-type.bundle.unit-test";
		};
		003D579B2C07124200D9AAE4 /* LJ BorrowUITests */ = {
			isa = PBXNativeTarget;
			buildConfigurationList = 003D57AC2C07124200D9AAE4 /* Build configuration list for PBXNativeTarget "LJ BorrowUITests" */;
			buildPhases = (
				003D57982C07124200D9AAE4 /* Sources */,
				003D57992C07124200D9AAE4 /* Frameworks */,
				003D579A2C07124200D9AAE4 /* Resources */,
			);
			buildRules = (
			);
			dependencies = (
				003D579E2C07124200D9AAE4 /* PBXTargetDependency */,
			);
			name = "LJ BorrowUITests";
			productName = "LJ BorrowUITests";
			productReference = 003D579C2C07124200D9AAE4 /* LJ BorrowUITests.xctest */;
			productType = "com.apple.product-type.bundle.ui-testing";
		};
/* End PBXNativeTarget section */

/* Begin PBXProject section */
		003D57792C07123F00D9AAE4 /* Project object */ = {
			isa = PBXProject;
			attributes = {
				BuildIndependentTargetsInParallel = 1;
				LastSwiftUpdateCheck = 1540;
				LastUpgradeCheck = 1540;
				TargetAttributes = {
					003D57802C07123F00D9AAE4 = {
						CreatedOnToolsVersion = 15.4;
					};
					003D57912C07124200D9AAE4 = {
						CreatedOnToolsVersion = 15.4;
						TestTargetID = 003D57802C07123F00D9AAE4;
					};
					003D579B2C07124200D9AAE4 = {
						CreatedOnToolsVersion = 15.4;
						TestTargetID = 003D57802C07123F00D9AAE4;
					};
				};
			};
			buildConfigurationList = 003D577C2C07123F00D9AAE4 /* Build configuration list for PBXProject "LJ Borrow" */;
			compatibilityVersion = "Xcode 14.0";
			developmentRegion = en;
			hasScannedForEncodings = 0;
			knownRegions = (
				en,
				Base,
			);
			mainGroup = 003D57782C07123F00D9AAE4;
			productRefGroup = 003D57822C07123F00D9AAE4 /* Products */;
			projectDirPath = "";
			projectRoot = "";
			targets = (
				003D57802C07123F00D9AAE4 /* LJ Borrow */,
				003D57912C07124200D9AAE4 /* LJ BorrowTests */,
				003D579B2C07124200D9AAE4 /* LJ BorrowUITests */,
			);
		};
/* End PBXProject section */

/* Begin PBXResourcesBuildPhase section */
		003D577F2C07123F00D9AAE4 /* Resources */ = {
			isa = PBXResourcesBuildPhase;
			buildActionMask = 2147483647;
			files = (
				003D578D2C07124100D9AAE4 /* Preview Assets.xcassets in Resources */,
				003D57892C07124100D9AAE4 /* Assets.xcassets in Resources */,
			);
			runOnlyForDeploymentPostprocessing = 0;
		};
		003D57902C07124200D9AAE4 /* Resources */ = {
			isa = PBXResourcesBuildPhase;
			buildActionMask = 2147483647;
			files = (
			);
			runOnlyForDeploymentPostprocessing = 0;
		};
		003D579A2C07124200D9AAE4 /* Resources */ = {
			isa = PBXResourcesBuildPhase;
			buildActionMask = 2147483647;
			files = (
			);
			runOnlyForDeploymentPostprocessing = 0;
		};
/* End PBXResourcesBuildPhase section */

/* Begin PBXSourcesBuildPhase section */
		003D577D2C07123F00D9AAE4 /* Sources */ = {
			isa = PBXSourcesBuildPhase;
			buildActionMask = 2147483647;
			files = (
				003D57872C07123F00D9AAE4 /* ContentView.swift in Sources */,
				003D57852C07123F00D9AAE4 /* LJ_BorrowApp.swift in Sources */,
			);
			runOnlyForDeploymentPostprocessing = 0;
		};
		003D578E2C07124200D9AAE4 /* Sources */ = {
			isa = PBXSourcesBuildPhase;
			buildActionMask = 2147483647;
			files = (
				003D57972C07124200D9AAE4 /* LJ_BorrowTests.swift in Sources */,
			);
			runOnlyForDeploymentPostprocessing = 0;
		};
		003D57982C07124200D9AAE4 /* Sources */ = {
			isa = PBXSourcesBuildPhase;
			buildActionMask = 2147483647;
			files = (
				003D57A12C07124200D9AAE4 /* LJ_BorrowUITests.swift in Sources */,
				003D57A32C07124200D9AAE4 /* LJ_BorrowUITestsLaunchTests.swift in Sources */,
			);
			runOnlyForDeploymentPostprocessing = 0;
		};
/* End PBXSourcesBuildPhase section */

/* Begin PBXTargetDependency section */
		003D57942C07124200D9AAE4 /* PBXTargetDependency */ = {
			isa = PBXTargetDependency;
			target = 003D57802C07123F00D9AAE4 /* LJ Borrow */;
			targetProxy = 003D57932C07124200D9AAE4 /* PBXContainerItemProxy */;
		};
		003D579E2C07124200D9AAE4 /* PBXTargetDependency */ = {
			isa = PBXTargetDependency;
			target = 003D57802C07123F00D9AAE4 /* LJ Borrow */;
			targetProxy = 003D579D2C07124200D9AAE4 /* PBXContainerItemProxy */;
		};
/* End PBXTargetDependency section */

/* Begin XCBuildConfiguration section */
		003D57A42C07124200D9AAE4 /* Debug */ = {
			isa = XCBuildConfiguration;
			buildSettings = {
				ALWAYS_SEARCH_USER_PATHS = NO;
				ASSETCATALOG_COMPILER_GENERATE_SWIFT_ASSET_SYMBOL_EXTENSIONS = YES;
				CLANG_ANALYZER_NONNULL = YES;
				CLANG_ANALYZER_NUMBER_OBJECT_CONVERSION = YES_AGGRESSIVE;
				CLANG_CXX_LANGUAGE_STANDARD = "gnu++20";
				CLANG_ENABLE_MODULES = YES;
				CLANG_ENABLE_OBJC_ARC = YES;
				CLANG_ENABLE_OBJC_WEAK = YES;
				CLANG_WARN_BLOCK_CAPTURE_AUTORELEASING = YES;
				CLANG_WARN_BOOL_CONVERSION = YES;
				CLANG_WARN_COMMA = YES;
				CLANG_WARN_CONSTANT_CONVERSION = YES;
				CLANG_WARN_DEPRECATED_OBJC_IMPLEMENTATIONS = YES;
				CLANG_WARN_DIRECT_OBJC_ISA_USAGE = YES_ERROR;
				CLANG_WARN_DOCUMENTATION_COMMENTS = YES;
				CLANG_WARN_EMPTY_BODY = YES;
				CLANG_WARN_ENUM_CONVERSION = YES;
				CLANG_WARN_INFINITE_RECURSION = YES;
				CLANG_WARN_INT_CONVERSION = YES;
				CLANG_WARN_NON_LITERAL_NULL_CONVERSION = YES;
				CLANG_WARN_OBJC_IMPLICIT_RETAIN_SELF = YES;
				CLANG_WARN_OBJC_LITERAL_CONVERSION = YES;
				CLANG_WARN_OBJC_ROOT_CLASS = YES_ERROR;
				CLANG_WARN_QUOTED_INCLUDE_IN_FRAMEWORK_HEADER = YES;
				CLANG_WARN_RANGE_LOOP_ANALYSIS = YES;
				CLANG_WARN_STRICT_PROTOTYPES = YES;
				CLANG_WARN_SUSPICIOUS_MOVE = YES;
				CLANG_WARN_UNGUARDED_AVAILABILITY = YES_AGGRESSIVE;
				CLANG_WARN_UNREACHABLE_CODE = YES;
				CLANG_WARN__DUPLICATE_METHOD_MATCH = YES;
				COPY_PHASE_STRIP = NO;
				DEBUG_INFORMATION_FORMAT = dwarf;
				ENABLE_STRICT_OBJC_MSGSEND = YES;
				ENABLE_TESTABILITY = YES;
				ENABLE_USER_SCRIPT_SANDBOXING = YES;
				GCC_C_LANGUAGE_STANDARD = gnu17;
				GCC_DYNAMIC_NO_PIC = NO;
				GCC_NO_COMMON_BLOCKS = YES;
				GCC_OPTIMIZATION_LEVEL = 0;
				GCC_PREPROCESSOR_DEFINITIONS = (
					"DEBUG=1",
					"$(inherited)",
				);
				GCC_WARN_64_TO_32_BIT_CONVERSION = YES;
				GCC_WARN_ABOUT_RETURN_TYPE = YES_ERROR;
				GCC_WARN_UNDECLARED_SELECTOR = YES;
				GCC_WARN_UNINITIALIZED_AUTOS = YES_AGGRESSIVE;
				GCC_WARN_UNUSED_FUNCTION = YES;
				GCC_WARN_UNUSED_VARIABLE = YES;
				LOCALIZATION_PREFERS_STRING_CATALOGS = YES;
				MTL_ENABLE_DEBUG_INFO = INCLUDE_SOURCE;
				MTL_FAST_MATH = YES;
				ONLY_ACTIVE_ARCH = YES;
				SWIFT_ACTIVE_COMPILATION_CONDITIONS = "DEBUG $(inherited)";
				SWIFT_OPTIMIZATION_LEVEL = "-Onone";
			};
			name = Debug;
		};
		003D57A52C07124200D9AAE4 /* Release */ = {
			isa = XCBuildConfiguration;
			buildSettings = {
				ALWAYS_SEARCH_USER_PATHS = NO;
				ASSETCATALOG_COMPILER_GENERATE_SWIFT_ASSET_SYMBOL_EXTENSIONS = YES;
				CLANG_ANALYZER_NONNULL = YES;
				CLANG_ANALYZER_NUMBER_OBJECT_CONVERSION = YES_AGGRESSIVE;
				CLANG_CXX_LANGUAGE_STANDARD = "gnu++20";
				CLANG_ENABLE_MODULES = YES;
				CLANG_ENABLE_OBJC_ARC = YES;
				CLANG_ENABLE_OBJC_WEAK = YES;
				CLANG_WARN_BLOCK_CAPTURE_AUTORELEASING = YES;
				CLANG_WARN_BOOL_CONVERSION = YES;
				CLANG_WARN_COMMA = YES;
				CLANG_WARN_CONSTANT_CONVERSION = YES;
				CLANG_WARN_DEPRECATED_OBJC_IMPLEMENTATIONS = YES;
				CLANG_WARN_DIRECT_OBJC_ISA_USAGE = YES_ERROR;
				CLANG_WARN_DOCUMENTATION_COMMENTS = YES;
				CLANG_WARN_EMPTY_BODY = YES;
				CLANG_WARN_ENUM_CONVERSION = YES;
				CLANG_WARN_INFINITE_RECURSION = YES;
				CLANG_WARN_INT_CONVERSION = YES;
				CLANG_WARN_NON_LITERAL_NULL_CONVERSION = YES;
				CLANG_WARN_OBJC_IMPLICIT_RETAIN_SELF = YES;
				CLANG_WARN_OBJC_LITERAL_CONVERSION = YES;
				CLANG_WARN_OBJC_ROOT_CLASS = YES_ERROR;
				CLANG_WARN_QUOTED_INCLUDE_IN_FRAMEWORK_HEADER = YES;
				CLANG_WARN_RANGE_LOOP_ANALYSIS = YES;
				CLANG_WARN_STRICT_PROTOTYPES = YES;
				CLANG_WARN_SUSPICIOUS_MOVE = YES;
				CLANG_WARN_UNGUARDED_AVAILABILITY = YES_AGGRESSIVE;
				CLANG_WARN_UNREACHABLE_CODE = YES;
				CLANG_WARN__DUPLICATE_METHOD_MATCH = YES;
				COPY_PHASE_STRIP = NO;
				DEBUG_INFORMATION_FORMAT = "dwarf-with-dsym";
				ENABLE_NS_ASSERTIONS = NO;
				ENABLE_STRICT_OBJC_MSGSEND = YES;
				ENABLE_USER_SCRIPT_SANDBOXING = YES;
				GCC_C_LANGUAGE_STANDARD = gnu17;
				GCC_NO_COMMON_BLOCKS = YES;
				GCC_WARN_64_TO_32_BIT_CONVERSION = YES;
				GCC_WARN_ABOUT_RETURN_TYPE = YES_ERROR;
				GCC_WARN_UNDECLARED_SELECTOR = YES;
				GCC_WARN_UNINITIALIZED_AUTOS = YES_AGGRESSIVE;
				GCC_WARN_UNUSED_FUNCTION = YES;
				GCC_WARN_UNUSED_VARIABLE = YES;
				LOCALIZATION_PREFERS_STRING_CATALOGS = YES;
				MTL_ENABLE_DEBUG_INFO = NO;
				MTL_FAST_MATH = YES;
				SWIFT_COMPILATION_MODE = wholemodule;
			};
			name = Release;
		};
		003D57A72C07124200D9AAE4 /* Debug */ = {
			isa = XCBuildConfiguration;
			buildSettings = {
				ASSETCATALOG_COMPILER_APPICON_NAME = AppIcon;
				ASSETCATALOG_COMPILER_GLOBAL_ACCENT_COLOR_NAME = AccentColor;
				CODE_SIGN_ENTITLEMENTS = "LJ Borrow/LJ_Borrow.entitlements";
				CODE_SIGN_STYLE = Automatic;
				CURRENT_PROJECT_VERSION = 1;
				DEVELOPMENT_ASSET_PATHS = "\"LJ Borrow/Preview Content\"";
				ENABLE_PREVIEWS = YES;
				GENERATE_INFOPLIST_FILE = YES;
				"INFOPLIST_KEY_UIApplicationSceneManifest_Generation[sdk=iphoneos*]" = YES;
				"INFOPLIST_KEY_UIApplicationSceneManifest_Generation[sdk=iphonesimulator*]" = YES;
				"INFOPLIST_KEY_UIApplicationSupportsIndirectInputEvents[sdk=iphoneos*]" = YES;
				"INFOPLIST_KEY_UIApplicationSupportsIndirectInputEvents[sdk=iphonesimulator*]" = YES;
				"INFOPLIST_KEY_UILaunchScreen_Generation[sdk=iphoneos*]" = YES;
				"INFOPLIST_KEY_UILaunchScreen_Generation[sdk=iphonesimulator*]" = YES;
				"INFOPLIST_KEY_UIStatusBarStyle[sdk=iphoneos*]" = UIStatusBarStyleDefault;
				"INFOPLIST_KEY_UIStatusBarStyle[sdk=iphonesimulator*]" = UIStatusBarStyleDefault;
				INFOPLIST_KEY_UISupportedInterfaceOrientations_iPad = "UIInterfaceOrientationPortrait UIInterfaceOrientationPortraitUpsideDown UIInterfaceOrientationLandscapeLeft UIInterfaceOrientationLandscapeRight";
				INFOPLIST_KEY_UISupportedInterfaceOrientations_iPhone = "UIInterfaceOrientationPortrait UIInterfaceOrientationLandscapeLeft UIInterfaceOrientationLandscapeRight";
				IPHONEOS_DEPLOYMENT_TARGET = 17.5;
				LD_RUNPATH_SEARCH_PATHS = "@executable_path/Frameworks";
				"LD_RUNPATH_SEARCH_PATHS[sdk=macosx*]" = "@executable_path/../Frameworks";
				MACOSX_DEPLOYMENT_TARGET = 14.1;
				MARKETING_VERSION = 1.0;
				PRODUCT_BUNDLE_IDENTIFIER = "Leng-Jai-Labs.LJ-Borrow";
				PRODUCT_NAME = "$(TARGET_NAME)";
				SDKROOT = auto;
				SUPPORTED_PLATFORMS = "iphoneos iphonesimulator macosx";
				SWIFT_EMIT_LOC_STRINGS = YES;
				SWIFT_VERSION = 5.0;
				TARGETED_DEVICE_FAMILY = "1,2";
			};
			name = Debug;
		};
		003D57A82C07124200D9AAE4 /* Release */ = {
			isa = XCBuildConfiguration;
			buildSettings = {
				ASSETCATALOG_COMPILER_APPICON_NAME = AppIcon;
				ASSETCATALOG_COMPILER_GLOBAL_ACCENT_COLOR_NAME = AccentColor;
				CODE_SIGN_ENTITLEMENTS = "LJ Borrow/LJ_Borrow.entitlements";
				CODE_SIGN_STYLE = Automatic;
				CURRENT_PROJECT_VERSION = 1;
				DEVELOPMENT_ASSET_PATHS = "\"LJ Borrow/Preview Content\"";
				ENABLE_PREVIEWS = YES;
				GENERATE_INFOPLIST_FILE = YES;
				"INFOPLIST_KEY_UIApplicationSceneManifest_Generation[sdk=iphoneos*]" = YES;
				"INFOPLIST_KEY_UIApplicationSceneManifest_Generation[sdk=iphonesimulator*]" = YES;
				"INFOPLIST_KEY_UIApplicationSupportsIndirectInputEvents[sdk=iphoneos*]" = YES;
				"INFOPLIST_KEY_UIApplicationSupportsIndirectInputEvents[sdk=iphonesimulator*]" = YES;
				"INFOPLIST_KEY_UILaunchScreen_Generation[sdk=iphoneos*]" = YES;
				"INFOPLIST_KEY_UILaunchScreen_Generation[sdk=iphonesimulator*]" = YES;
				"INFOPLIST_KEY_UIStatusBarStyle[sdk=iphoneos*]" = UIStatusBarStyleDefault;
				"INFOPLIST_KEY_UIStatusBarStyle[sdk=iphonesimulator*]" = UIStatusBarStyleDefault;
				INFOPLIST_KEY_UISupportedInterfaceOrientations_iPad = "UIInterfaceOrientationPortrait UIInterfaceOrientationPortraitUpsideDown UIInterfaceOrientationLandscapeLeft UIInterfaceOrientationLandscapeRight";
				INFOPLIST_KEY_UISupportedInterfaceOrientations_iPhone = "UIInterfaceOrientationPortrait UIInterfaceOrientationLandscapeLeft UIInterfaceOrientationLandscapeRight";
				IPHONEOS_DEPLOYMENT_TARGET = 17.5;
				LD_RUNPATH_SEARCH_PATHS = "@executable_path/Frameworks";
				"LD_RUNPATH_SEARCH_PATHS[sdk=macosx*]" = "@executable_path/../Frameworks";
				MACOSX_DEPLOYMENT_TARGET = 14.1;
				MARKETING_VERSION = 1.0;
				PRODUCT_BUNDLE_IDENTIFIER = "Leng-Jai-Labs.LJ-Borrow";
				PRODUCT_NAME = "$(TARGET_NAME)";
				SDKROOT = auto;
				SUPPORTED_PLATFORMS = "iphoneos iphonesimulator macosx";
				SWIFT_EMIT_LOC_STRINGS = YES;
				SWIFT_VERSION = 5.0;
				TARGETED_DEVICE_FAMILY = "1,2";
			};
			name = Release;
		};
		003D57AA2C07124200D9AAE4 /* Debug */ = {
			isa = XCBuildConfiguration;
			buildSettings = {
				ALWAYS_EMBED_SWIFT_STANDARD_LIBRARIES = YES;
				BUNDLE_LOADER = "$(TEST_HOST)";
				CODE_SIGN_STYLE = Automatic;
				CURRENT_PROJECT_VERSION = 1;
				GENERATE_INFOPLIST_FILE = YES;
				IPHONEOS_DEPLOYMENT_TARGET = 17.5;
				MACOSX_DEPLOYMENT_TARGET = 14.1;
				MARKETING_VERSION = 1.0;
				PRODUCT_BUNDLE_IDENTIFIER = "Leng-Jai-Labs.LJ-BorrowTests";
				PRODUCT_NAME = "$(TARGET_NAME)";
				SDKROOT = auto;
				SUPPORTED_PLATFORMS = "iphoneos iphonesimulator macosx";
				SWIFT_EMIT_LOC_STRINGS = NO;
				SWIFT_VERSION = 5.0;
				TARGETED_DEVICE_FAMILY = "1,2";
				TEST_HOST = "$(BUILT_PRODUCTS_DIR)/LJ Borrow.app/$(BUNDLE_EXECUTABLE_FOLDER_PATH)/LJ Borrow";
			};
			name = Debug;
		};
		003D57AB2C07124200D9AAE4 /* Release */ = {
			isa = XCBuildConfiguration;
			buildSettings = {
				ALWAYS_EMBED_SWIFT_STANDARD_LIBRARIES = YES;
				BUNDLE_LOADER = "$(TEST_HOST)";
				CODE_SIGN_STYLE = Automatic;
				CURRENT_PROJECT_VERSION = 1;
				GENERATE_INFOPLIST_FILE = YES;
				IPHONEOS_DEPLOYMENT_TARGET = 17.5;
				MACOSX_DEPLOYMENT_TARGET = 14.1;
				MARKETING_VERSION = 1.0;
				PRODUCT_BUNDLE_IDENTIFIER = "Leng-Jai-Labs.LJ-BorrowTests";
				PRODUCT_NAME = "$(TARGET_NAME)";
				SDKROOT = auto;
				SUPPORTED_PLATFORMS = "iphoneos iphonesimulator macosx";
				SWIFT_EMIT_LOC_STRINGS = NO;
				SWIFT_VERSION = 5.0;
				TARGETED_DEVICE_FAMILY = "1,2";
				TEST_HOST = "$(BUILT_PRODUCTS_DIR)/LJ Borrow.app/$(BUNDLE_EXECUTABLE_FOLDER_PATH)/LJ Borrow";
			};
			name = Release;
		};
		003D57AD2C07124200D9AAE4 /* Debug */ = {
			isa = XCBuildConfiguration;
			buildSettings = {
				ALWAYS_EMBED_SWIFT_STANDARD_LIBRARIES = YES;
				CODE_SIGN_STYLE = Automatic;
				CURRENT_PROJECT_VERSION = 1;
				GENERATE_INFOPLIST_FILE = YES;
				IPHONEOS_DEPLOYMENT_TARGET = 17.5;
				MACOSX_DEPLOYMENT_TARGET = 14.1;
				MARKETING_VERSION = 1.0;
				PRODUCT_BUNDLE_IDENTIFIER = "Leng-Jai-Labs.LJ-BorrowUITests";
				PRODUCT_NAME = "$(TARGET_NAME)";
				SDKROOT = auto;
				SUPPORTED_PLATFORMS = "iphoneos iphonesimulator macosx";
				SWIFT_EMIT_LOC_STRINGS = NO;
				SWIFT_VERSION = 5.0;
				TARGETED_DEVICE_FAMILY = "1,2";
				TEST_TARGET_NAME = "LJ Borrow";
			};
			name = Debug;
		};
		003D57AE2C07124200D9AAE4 /* Release */ = {
			isa = XCBuildConfiguration;
			buildSettings = {
				ALWAYS_EMBED_SWIFT_STANDARD_LIBRARIES = YES;
				CODE_SIGN_STYLE = Automatic;
				CURRENT_PROJECT_VERSION = 1;
				GENERATE_INFOPLIST_FILE = YES;
				IPHONEOS_DEPLOYMENT_TARGET = 17.5;
				MACOSX_DEPLOYMENT_TARGET = 14.1;
				MARKETING_VERSION = 1.0;
				PRODUCT_BUNDLE_IDENTIFIER = "Leng-Jai-Labs.LJ-BorrowUITests";
				PRODUCT_NAME = "$(TARGET_NAME)";
				SDKROOT = auto;
				SUPPORTED_PLATFORMS = "iphoneos iphonesimulator macosx";
				SWIFT_EMIT_LOC_STRINGS = NO;
				SWIFT_VERSION = 5.0;
				TARGETED_DEVICE_FAMILY = "1,2";
				TEST_TARGET_NAME = "LJ Borrow";
			};
			name = Release;
		};
/* End XCBuildConfiguration section */

/* Begin XCConfigurationList section */
		003D577C2C07123F00D9AAE4 /* Build configuration list for PBXProject "LJ Borrow" */ = {
			isa = XCConfigurationList;
			buildConfigurations = (
				003D57A42C07124200D9AAE4 /* Debug */,
				003D57A52C07124200D9AAE4 /* Release */,
			);
			defaultConfigurationIsVisible = 0;
			defaultConfigurationName = Release;
		};
		003D57A62C07124200D9AAE4 /* Build configuration list for PBXNativeTarget "LJ Borrow" */ = {
			isa = XCConfigurationList;
			buildConfigurations = (
				003D57A72C07124200D9AAE4 /* Debug */,
				003D57A82C07124200D9AAE4 /* Release */,
			);
			defaultConfigurationIsVisible = 0;
			defaultConfigurationName = Release;
		};
		003D57A92C07124200D9AAE4 /* Build configuration list for PBXNativeTarget "LJ BorrowTests" */ = {
			isa = XCConfigurationList;
			buildConfigurations = (
				003D57AA2C07124200D9AAE4 /* Debug */,
				003D57AB2C07124200D9AAE4 /* Release */,
			);
			defaultConfigurationIsVisible = 0;
			defaultConfigurationName = Release;
		};
		003D57AC2C07124200D9AAE4 /* Build configuration list for PBXNativeTarget "LJ BorrowUITests" */ = {
			isa = XCConfigurationList;
			buildConfigurations = (
				003D57AD2C07124200D9AAE4 /* Debug */,
				003D57AE2C07124200D9AAE4 /* Release */,
			);
			defaultConfigurationIsVisible = 0;
			defaultConfigurationName = Release;
		};
/* End XCConfigurationList section */
	};
	rootObject = 003D57792C07123F00D9AAE4 /* Project object */;
}
